
Microsoft Visual Studio Solution File, Format Version 12.00
# Visual Studio Version 17
VisualStudioVersion = 17.0.31903.59
MinimumVisualStudioVersion = 10.0.40219.1
Project("{FAE04EC0-301F-11D3-BF4B-00C04F79EFBC}") = "API", "API\API.csproj", "{FEA9BC6D-156E-4216-9DA8-22872CE57E9F}"
EndProject
Project("{FAE04EC0-301F-11D3-BF4B-00C04F79EFBC}") = "Core", "Core\Core.csproj", "{0CD87ABB-4E42-4F9B-B741-25488E2387DB}"
EndProject
Project("{FAE04EC0-301F-11D3-BF4B-00C04F79EFBC}") = "Infrastructure", "Infrastructure\Infrastructure.csproj", "{06DEB973-3D9C-4F71-9DDD-293E87369B38}"
EndProject
Global
	GlobalSection(SolutionConfigurationPlatforms) = preSolution
		Debug|Any CPU = Debug|Any CPU
		Release|Any CPU = Release|Any CPU
	EndGlobalSection
	GlobalSection(SolutionProperties) = preSolution
		HideSolutionNode = FALSE
	EndGlobalSection
	GlobalSection(ProjectConfigurationPlatforms) = postSolution
		{FEA9BC6D-156E-4216-9DA8-22872CE57E9F}.Debug|Any CPU.ActiveCfg = Debug|Any CPU
		{FEA9BC6D-156E-4216-9DA8-22872CE57E9F}.Debug|Any CPU.Build.0 = Debug|Any CPU
		{FEA9BC6D-156E-4216-9DA8-22872CE57E9F}.Release|Any CPU.ActiveCfg = Release|Any CPU
		{FEA9BC6D-156E-4216-9DA8-22872CE57E9F}.Release|Any CPU.Build.0 = Release|Any CPU
		{0CD87ABB-4E42-4F9B-B741-25488E2387DB}.Debug|Any CPU.ActiveCfg = Debug|Any CPU
		{0CD87ABB-4E42-4F9B-B741-25488E2387DB}.Debug|Any CPU.Build.0 = Debug|Any CPU
		{0CD87ABB-4E42-4F9B-B741-25488E2387DB}.Release|Any CPU.ActiveCfg = Release|Any CPU
		{0CD87ABB-4E42-4F9B-B741-25488E2387DB}.Release|Any CPU.Build.0 = Release|Any CPU
		{06DEB973-3D9C-4F71-9DDD-293E87369B38}.Debug|Any CPU.ActiveCfg = Debug|Any CPU
		{06DEB973-3D9C-4F71-9DDD-293E87369B38}.Debug|Any CPU.Build.0 = Debug|Any CPU
		{06DEB973-3D9C-4F71-9DDD-293E87369B38}.Release|Any CPU.ActiveCfg = Release|Any CPU
		{06DEB973-3D9C-4F71-9DDD-293E87369B38}.Release|Any CPU.Build.0 = Release|Any CPU
	EndGlobalSection
EndGlobal
